
Microsoft Visual Studio Solution File, Format Version 12.00
# Visual Studio 15
VisualStudioVersion = 15.0.28307.2092
MinimumVisualStudioVersion = 10.0.40219.1
Project("{8BC9CEB8-8B4A-11D0-8D11-00A0C91BC942}") = "P05", "P05\P05.vcxproj", "{B0149855-4F9F-4AF0-82D4-9F387EA37D72}"
EndProject
Global
	GlobalSection(SolutionConfigurationPlatforms) = preSolution
		Debug|x64 = Debug|x64
		Debug|x86 = Debug|x86
		Release|x64 = Release|x64
		Release|x86 = Release|x86
	EndGlobalSection
	GlobalSection(ProjectConfigurationPlatforms) = postSolution
		{B0149855-4F9F-4AF0-82D4-9F387EA37D72}.Debug|x64.ActiveCfg = Debug|x64
		{B0149855-4F9F-4AF0-82D4-9F387EA37D72}.Debug|x64.Build.0 = Debug|x64
		{B0149855-4F9F-4AF0-82D4-9F387EA37D72}.Debug|x86.ActiveCfg = Debug|Win32
		{B0149855-4F9F-4AF0-82D4-9F387EA37D72}.Debug|x86.Build.0 = Debug|Win32
		{B0149855-4F9F-4AF0-82D4-9F387EA37D72}.Release|x64.ActiveCfg = Release|x64
		{B0149855-4F9F-4AF0-82D4-9F387EA37D72}.Release|x64.Build.0 = Release|x64
		{B0149855-4F9F-4AF0-82D4-9F387EA37D72}.Release|x86.ActiveCfg = Release|Win32
		{B0149855-4F9F-4AF0-82D4-9F387EA37D72}.Release|x86.Build.0 = Release|Win32
	EndGlobalSection
	GlobalSection(SolutionProperties) = preSolution
		HideSolutionNode = FALSE
	EndGlobalSection
	GlobalSection(ExtensibilityGlobals) = postSolution
		SolutionGuid = {214310D9-C7BA-4F1A-9E7D-640EE376B970}
	EndGlobalSection
EndGlobal
